
Microsoft Visual Studio Solution File, Format Version 12.00
# Visual Studio 14
VisualStudioVersion = 14.0.25420.1
MinimumVisualStudioVersion = 10.0.40219.1
Project("{FAE04EC0-301F-11D3-BF4B-00C04F79EFBC}") = "AutoFacDemo.WinForm", "AutoFacDemo.WinForm\AutoFacDemo.WinForm.csproj", "{5744F333-2E1C-47E8-9A39-D955EC64DFFC}"
EndProject
Project("{2150E333-8FDC-42A3-9474-1A3956D46DE8}") = "00 Lib", "00 Lib", "{88B25705-E5D6-4256-ABAA-FD5C8DD6CC64}"
EndProject
Project("{2150E333-8FDC-42A3-9474-1A3956D46DE8}") = "01 Project", "01 Project", "{A5153621-F32A-44EA-90CE-680EFDBE7D6C}"
EndProject
Project("{2150E333-8FDC-42A3-9474-1A3956D46DE8}") = "02 Test", "02 Test", "{CE5EF3A9-77FC-4234-A1C0-CEB27C3765A9}"
EndProject
Project("{2150E333-8FDC-42A3-9474-1A3956D46DE8}") = "00 Common", "00 Common", "{64CECDDD-9EC2-4DD5-99DC-1D62A394908B}"
EndProject
Project("{2150E333-8FDC-42A3-9474-1A3956D46DE8}") = "01 Repostiory", "01 Repostiory", "{36FBF604-09B8-4488-95E2-12DD2F2DAACE}"
EndProject
Project("{2150E333-8FDC-42A3-9474-1A3956D46DE8}") = "02 Service", "02 Service", "{417C585F-D8DF-4927-A9E5-8FEA4C9C4DAB}"
EndProject
Project("{FAE04EC0-301F-11D3-BF4B-00C04F79EFBC}") = "Common", "Common\Common.csproj", "{21AEECDB-3F06-4E66-9322-AC796148A0D2}"
EndProject
Project("{FAE04EC0-301F-11D3-BF4B-00C04F79EFBC}") = "AutoFacDemo.IRepository", "AutoFacDemo.IRepository\AutoFacDemo.IRepository.csproj", "{59283EF7-46C8-434E-8E33-056066AC94F5}"
EndProject
Project("{FAE04EC0-301F-11D3-BF4B-00C04F79EFBC}") = "AutoFacDemo.Repository", "AutoFacDemo.Repository\AutoFacDemo.Repository.csproj", "{35F3D1B7-4CC8-4EA9-AE37-040F50DB31E8}"
EndProject
Project("{FAE04EC0-301F-11D3-BF4B-00C04F79EFBC}") = "AutoFacDemo.IService", "AutoFacDemo.IService\AutoFacDemo.IService.csproj", "{F39EF5A5-1932-468A-8B80-E0E8DB4517C9}"
EndProject
Project("{FAE04EC0-301F-11D3-BF4B-00C04F79EFBC}") = "AutoFacDemo.Service", "AutoFacDemo.Service\AutoFacDemo.Service.csproj", "{3DB44DBA-B890-40AF-92CF-A69EDD03813B}"
EndProject
Global
	GlobalSection(SolutionConfigurationPlatforms) = preSolution
		Debug|Any CPU = Debug|Any CPU
		Release|Any CPU = Release|Any CPU
	EndGlobalSection
	GlobalSection(ProjectConfigurationPlatforms) = postSolution
		{5744F333-2E1C-47E8-9A39-D955EC64DFFC}.Debug|Any CPU.ActiveCfg = Debug|Any CPU
		{5744F333-2E1C-47E8-9A39-D955EC64DFFC}.Debug|Any CPU.Build.0 = Debug|Any CPU
		{5744F333-2E1C-47E8-9A39-D955EC64DFFC}.Release|Any CPU.ActiveCfg = Release|Any CPU
		{5744F333-2E1C-47E8-9A39-D955EC64DFFC}.Release|Any CPU.Build.0 = Release|Any CPU
		{21AEECDB-3F06-4E66-9322-AC796148A0D2}.Debug|Any CPU.ActiveCfg = Debug|Any CPU
		{21AEECDB-3F06-4E66-9322-AC796148A0D2}.Debug|Any CPU.Build.0 = Debug|Any CPU
		{21AEECDB-3F06-4E66-9322-AC796148A0D2}.Release|Any CPU.ActiveCfg = Release|Any CPU
		{21AEECDB-3F06-4E66-9322-AC796148A0D2}.Release|Any CPU.Build.0 = Release|Any CPU
		{59283EF7-46C8-434E-8E33-056066AC94F5}.Debug|Any CPU.ActiveCfg = Debug|Any CPU
		{59283EF7-46C8-434E-8E33-056066AC94F5}.Debug|Any CPU.Build.0 = Debug|Any CPU
		{59283EF7-46C8-434E-8E33-056066AC94F5}.Release|Any CPU.ActiveCfg = Release|Any CPU
		{59283EF7-46C8-434E-8E33-056066AC94F5}.Release|Any CPU.Build.0 = Release|Any CPU
		{35F3D1B7-4CC8-4EA9-AE37-040F50DB31E8}.Debug|Any CPU.ActiveCfg = Debug|Any CPU
		{35F3D1B7-4CC8-4EA9-AE37-040F50DB31E8}.Debug|Any CPU.Build.0 = Debug|Any CPU
		{35F3D1B7-4CC8-4EA9-AE37-040F50DB31E8}.Release|Any CPU.ActiveCfg = Release|Any CPU
		{35F3D1B7-4CC8-4EA9-AE37-040F50DB31E8}.Release|Any CPU.Build.0 = Release|Any CPU
		{F39EF5A5-1932-468A-8B80-E0E8DB4517C9}.Debug|Any CPU.ActiveCfg = Debug|Any CPU
		{F39EF5A5-1932-468A-8B80-E0E8DB4517C9}.Debug|Any CPU.Build.0 = Debug|Any CPU
		{F39EF5A5-1932-468A-8B80-E0E8DB4517C9}.Release|Any CPU.ActiveCfg = Release|Any CPU
		{F39EF5A5-1932-468A-8B80-E0E8DB4517C9}.Release|Any CPU.Build.0 = Release|Any CPU
		{3DB44DBA-B890-40AF-92CF-A69EDD03813B}.Debug|Any CPU.ActiveCfg = Debug|Any CPU
		{3DB44DBA-B890-40AF-92CF-A69EDD03813B}.Debug|Any CPU.Build.0 = Debug|Any CPU
		{3DB44DBA-B890-40AF-92CF-A69EDD03813B}.Release|Any CPU.ActiveCfg = Release|Any CPU
		{3DB44DBA-B890-40AF-92CF-A69EDD03813B}.Release|Any CPU.Build.0 = Release|Any CPU
	EndGlobalSection
	GlobalSection(SolutionProperties) = preSolution
		HideSolutionNode = FALSE
	EndGlobalSection
	GlobalSection(NestedProjects) = preSolution
		{5744F333-2E1C-47E8-9A39-D955EC64DFFC} = {A5153621-F32A-44EA-90CE-680EFDBE7D6C}
		{64CECDDD-9EC2-4DD5-99DC-1D62A394908B} = {88B25705-E5D6-4256-ABAA-FD5C8DD6CC64}
		{36FBF604-09B8-4488-95E2-12DD2F2DAACE} = {88B25705-E5D6-4256-ABAA-FD5C8DD6CC64}
		{417C585F-D8DF-4927-A9E5-8FEA4C9C4DAB} = {88B25705-E5D6-4256-ABAA-FD5C8DD6CC64}
		{21AEECDB-3F06-4E66-9322-AC796148A0D2} = {64CECDDD-9EC2-4DD5-99DC-1D62A394908B}
		{59283EF7-46C8-434E-8E33-056066AC94F5} = {36FBF604-09B8-4488-95E2-12DD2F2DAACE}
		{35F3D1B7-4CC8-4EA9-AE37-040F50DB31E8} = {36FBF604-09B8-4488-95E2-12DD2F2DAACE}
		{F39EF5A5-1932-468A-8B80-E0E8DB4517C9} = {417C585F-D8DF-4927-A9E5-8FEA4C9C4DAB}
		{3DB44DBA-B890-40AF-92CF-A69EDD03813B} = {417C585F-D8DF-4927-A9E5-8FEA4C9C4DAB}
	EndGlobalSection
EndGlobal
